
Microsoft Visual Studio Solution File, Format Version 12.00
# Visual Studio 15
VisualStudioVersion = 15.0.28010.2016
MinimumVisualStudioVersion = 10.0.40219.1
Project("{FAE04EC0-301F-11D3-BF4B-00C04F79EFBC}") = "Taks8", "Taks8\Taks8.csproj", "{9E181EA1-DAB5-4E6E-830E-161844F78BCF}"
EndProject
Global
	GlobalSection(SolutionConfigurationPlatforms) = preSolution
		Debug|Any CPU = Debug|Any CPU
		Release|Any CPU = Release|Any CPU
	EndGlobalSection
	GlobalSection(ProjectConfigurationPlatforms) = postSolution
		{9E181EA1-DAB5-4E6E-830E-161844F78BCF}.Debug|Any CPU.ActiveCfg = Debug|Any CPU
		{9E181EA1-DAB5-4E6E-830E-161844F78BCF}.Debug|Any CPU.Build.0 = Debug|Any CPU
		{9E181EA1-DAB5-4E6E-830E-161844F78BCF}.Release|Any CPU.ActiveCfg = Release|Any CPU
		{9E181EA1-DAB5-4E6E-830E-161844F78BCF}.Release|Any CPU.Build.0 = Release|Any CPU
	EndGlobalSection
	GlobalSection(SolutionProperties) = preSolution
		HideSolutionNode = FALSE
	EndGlobalSection
	GlobalSection(ExtensibilityGlobals) = postSolution
		SolutionGuid = {01A017C4-DD3A-4158-BC02-DFA0D747F496}
	EndGlobalSection
EndGlobal
